
Microsoft Visual Studio Solution File, Format Version 12.00
# Visual Studio Version 17
VisualStudioVersion = 17.7.34031.279
MinimumVisualStudioVersion = 10.0.40219.1
Project("{FAE04EC0-301F-11D3-BF4B-00C04F79EFBC}") = "SalesWebMvc", "SalesWebMvc\SalesWebMvc.csproj", "{6EF87E7A-841E-4678-BF13-F4541A0C5246}"
EndProject
Global
	GlobalSection(SolutionConfigurationPlatforms) = preSolution
		Debug|Any CPU = Debug|Any CPU
		Release|Any CPU = Release|Any CPU
	EndGlobalSection
	GlobalSection(ProjectConfigurationPlatforms) = postSolution
		{6EF87E7A-841E-4678-BF13-F4541A0C5246}.Debug|Any CPU.ActiveCfg = Debug|Any CPU
		{6EF87E7A-841E-4678-BF13-F4541A0C5246}.Debug|Any CPU.Build.0 = Debug|Any CPU
		{6EF87E7A-841E-4678-BF13-F4541A0C5246}.Release|Any CPU.ActiveCfg = Release|Any CPU
		{6EF87E7A-841E-4678-BF13-F4541A0C5246}.Release|Any CPU.Build.0 = Release|Any CPU
	EndGlobalSection
	GlobalSection(SolutionProperties) = preSolution
		HideSolutionNode = FALSE
	EndGlobalSection
	GlobalSection(ExtensibilityGlobals) = postSolution
		SolutionGuid = {53F4EA0A-721C-4C53-A050-18D3D616D69E}
	EndGlobalSection
EndGlobal
